{
    "requires": true,
    "lockfileVersion": 1,
    "dependencies": {
        "objectmodel": {
            "version": "4.0.1",
            "resolved": "https://registry.npmjs.org/objectmodel/-/objectmodel-4.0.1.tgz",
            "integrity": "sha512-kWFbrTmvHyjDNLm6hdOTa9g/h+qdHS2G8SEl7OahpSHw1sEhiUbtkR8vBHrdFxdrwtAGHVNFZ2HpVBywsR2g3g=="
        }
    }
}
